
Microsoft Visual Studio Solution File, Format Version 12.00
# Visual Studio Version 17
VisualStudioVersion = 17.0.32126.317
MinimumVisualStudioVersion = 10.0.40219.1
Project("{9A19103F-16F7-4668-BE54-9A1E7A4F7556}") = "MilkiBotFramework", "MilkiBotFramework\MilkiBotFramework.csproj", "{EC607AE2-8633-43C0-9A8A-05ECDEDAACEF}"
EndProject
Project("{9A19103F-16F7-4668-BE54-9A1E7A4F7556}") = "MilkiBotFramework.Platforms.GoCqHttp", "MilkiBotFramework.GoCqHttp\MilkiBotFramework.Platforms.GoCqHttp.csproj", "{91A2977B-FFF4-4D30-8E74-8E7490708EFD}"
EndProject
Project("{2150E333-8FDC-42A3-9474-1A3956D46DE8}") = "Samples", "Samples", "{A130D3F4-6E65-4F6C-A0EE-2412DA1D2C7E}"
EndProject
Project("{9A19103F-16F7-4668-BE54-9A1E7A4F7556}") = "DemoBot", "Samples\DemoBot\DemoBot.csproj", "{305E49D5-EABA-4A88-8B79-2F7B1836FC01}"
EndProject
Project("{2150E333-8FDC-42A3-9474-1A3956D46DE8}") = "Benchmarks", "Benchmarks", "{ED8D8D85-3F75-4F6E-80A2-E3AD50E97C8F}"
EndProject
Project("{9A19103F-16F7-4668-BE54-9A1E7A4F7556}") = "CommandLineBenchmark", "Benchmarks\CommandLineBenchmark\CommandLineBenchmark.csproj", "{3A25DA4D-5669-46C5-8E77-0B14666E009B}"
EndProject
Project("{2150E333-8FDC-42A3-9474-1A3956D46DE8}") = "Tests", "Tests", "{94A508B0-181B-4A87-886A-1311F050BCCA}"
EndProject
Project("{9A19103F-16F7-4668-BE54-9A1E7A4F7556}") = "UnitTests", "Tests\UnitTests\UnitTests.csproj", "{ED346BCE-EEC7-4A86-A923-9473A782F48A}"
EndProject
Project("{9A19103F-16F7-4668-BE54-9A1E7A4F7556}") = "DemoPlugin", "Samples\DemoPlugin\DemoPlugin.csproj", "{66C06747-A27B-4AF2-822A-0DD41537BB5B}"
EndProject
Global
	GlobalSection(SolutionConfigurationPlatforms) = preSolution
		Debug|Any CPU = Debug|Any CPU
		Release|Any CPU = Release|Any CPU
	EndGlobalSection
	GlobalSection(ProjectConfigurationPlatforms) = postSolution
		{EC607AE2-8633-43C0-9A8A-05ECDEDAACEF}.Debug|Any CPU.ActiveCfg = Debug|Any CPU
		{EC607AE2-8633-43C0-9A8A-05ECDEDAACEF}.Debug|Any CPU.Build.0 = Debug|Any CPU
		{EC607AE2-8633-43C0-9A8A-05ECDEDAACEF}.Release|Any CPU.ActiveCfg = Release|Any CPU
		{EC607AE2-8633-43C0-9A8A-05ECDEDAACEF}.Release|Any CPU.Build.0 = Release|Any CPU
		{91A2977B-FFF4-4D30-8E74-8E7490708EFD}.Debug|Any CPU.ActiveCfg = Debug|Any CPU
		{91A2977B-FFF4-4D30-8E74-8E7490708EFD}.Debug|Any CPU.Build.0 = Debug|Any CPU
		{91A2977B-FFF4-4D30-8E74-8E7490708EFD}.Release|Any CPU.ActiveCfg = Release|Any CPU
		{91A2977B-FFF4-4D30-8E74-8E7490708EFD}.Release|Any CPU.Build.0 = Release|Any CPU
		{305E49D5-EABA-4A88-8B79-2F7B1836FC01}.Debug|Any CPU.ActiveCfg = Debug|Any CPU
		{305E49D5-EABA-4A88-8B79-2F7B1836FC01}.Debug|Any CPU.Build.0 = Debug|Any CPU
		{305E49D5-EABA-4A88-8B79-2F7B1836FC01}.Release|Any CPU.ActiveCfg = Release|Any CPU
		{305E49D5-EABA-4A88-8B79-2F7B1836FC01}.Release|Any CPU.Build.0 = Release|Any CPU
		{3A25DA4D-5669-46C5-8E77-0B14666E009B}.Debug|Any CPU.ActiveCfg = Debug|Any CPU
		{3A25DA4D-5669-46C5-8E77-0B14666E009B}.Debug|Any CPU.Build.0 = Debug|Any CPU
		{3A25DA4D-5669-46C5-8E77-0B14666E009B}.Release|Any CPU.ActiveCfg = Release|Any CPU
		{3A25DA4D-5669-46C5-8E77-0B14666E009B}.Release|Any CPU.Build.0 = Release|Any CPU
		{ED346BCE-EEC7-4A86-A923-9473A782F48A}.Debug|Any CPU.ActiveCfg = Debug|Any CPU
		{ED346BCE-EEC7-4A86-A923-9473A782F48A}.Debug|Any CPU.Build.0 = Debug|Any CPU
		{ED346BCE-EEC7-4A86-A923-9473A782F48A}.Release|Any CPU.ActiveCfg = Release|Any CPU
		{ED346BCE-EEC7-4A86-A923-9473A782F48A}.Release|Any CPU.Build.0 = Release|Any CPU
		{66C06747-A27B-4AF2-822A-0DD41537BB5B}.Debug|Any CPU.ActiveCfg = Debug|Any CPU
		{66C06747-A27B-4AF2-822A-0DD41537BB5B}.Debug|Any CPU.Build.0 = Debug|Any CPU
		{66C06747-A27B-4AF2-822A-0DD41537BB5B}.Release|Any CPU.ActiveCfg = Release|Any CPU
		{66C06747-A27B-4AF2-822A-0DD41537BB5B}.Release|Any CPU.Build.0 = Release|Any CPU
	EndGlobalSection
	GlobalSection(SolutionProperties) = preSolution
		HideSolutionNode = FALSE
	EndGlobalSection
	GlobalSection(NestedProjects) = preSolution
		{305E49D5-EABA-4A88-8B79-2F7B1836FC01} = {A130D3F4-6E65-4F6C-A0EE-2412DA1D2C7E}
		{3A25DA4D-5669-46C5-8E77-0B14666E009B} = {ED8D8D85-3F75-4F6E-80A2-E3AD50E97C8F}
		{ED346BCE-EEC7-4A86-A923-9473A782F48A} = {94A508B0-181B-4A87-886A-1311F050BCCA}
		{66C06747-A27B-4AF2-822A-0DD41537BB5B} = {A130D3F4-6E65-4F6C-A0EE-2412DA1D2C7E}
	EndGlobalSection
	GlobalSection(ExtensibilityGlobals) = postSolution
		SolutionGuid = {EF1E1C70-5C03-4DF5-9DBD-7F7DCF2418E4}
	EndGlobalSection
EndGlobal
