
Microsoft Visual Studio Solution File, Format Version 12.00
# Visual Studio Version 17
VisualStudioVersion = 17.0.32126.317
MinimumVisualStudioVersion = 10.0.40219.1
Project("{FAE04EC0-301F-11D3-BF4B-00C04F79EFBC}") = "MilkiBotFramework", "MilkiBotFramework\MilkiBotFramework.csproj", "{EC607AE2-8633-43C0-9A8A-05ECDEDAACEF}"
EndProject
Project("{FAE04EC0-301F-11D3-BF4B-00C04F79EFBC}") = "MilkiBotFramework.GoCqHttp", "MilkiBotFramework.GoCqHttp\MilkiBotFramework.GoCqHttp.csproj", "{91A2977B-FFF4-4D30-8E74-8E7490708EFD}"
EndProject
Project("{2150E333-8FDC-42A3-9474-1A3956D46DE8}") = "Samples", "Samples", "{A130D3F4-6E65-4F6C-A0EE-2412DA1D2C7E}"
EndProject
Project("{FAE04EC0-301F-11D3-BF4B-00C04F79EFBC}") = "DemoBot", "Samples\DemoBot\DemoBot.csproj", "{305E49D5-EABA-4A88-8B79-2F7B1836FC01}"
EndProject
Global
	GlobalSection(SolutionConfigurationPlatforms) = preSolution
		Debug|Any CPU = Debug|Any CPU
		Release|Any CPU = Release|Any CPU
	EndGlobalSection
	GlobalSection(ProjectConfigurationPlatforms) = postSolution
		{EC607AE2-8633-43C0-9A8A-05ECDEDAACEF}.Debug|Any CPU.ActiveCfg = Debug|Any CPU
		{EC607AE2-8633-43C0-9A8A-05ECDEDAACEF}.Debug|Any CPU.Build.0 = Debug|Any CPU
		{EC607AE2-8633-43C0-9A8A-05ECDEDAACEF}.Release|Any CPU.ActiveCfg = Release|Any CPU
		{EC607AE2-8633-43C0-9A8A-05ECDEDAACEF}.Release|Any CPU.Build.0 = Release|Any CPU
		{91A2977B-FFF4-4D30-8E74-8E7490708EFD}.Debug|Any CPU.ActiveCfg = Debug|Any CPU
		{91A2977B-FFF4-4D30-8E74-8E7490708EFD}.Debug|Any CPU.Build.0 = Debug|Any CPU
		{91A2977B-FFF4-4D30-8E74-8E7490708EFD}.Release|Any CPU.ActiveCfg = Release|Any CPU
		{91A2977B-FFF4-4D30-8E74-8E7490708EFD}.Release|Any CPU.Build.0 = Release|Any CPU
		{305E49D5-EABA-4A88-8B79-2F7B1836FC01}.Debug|Any CPU.ActiveCfg = Debug|Any CPU
		{305E49D5-EABA-4A88-8B79-2F7B1836FC01}.Debug|Any CPU.Build.0 = Debug|Any CPU
		{305E49D5-EABA-4A88-8B79-2F7B1836FC01}.Release|Any CPU.ActiveCfg = Release|Any CPU
		{305E49D5-EABA-4A88-8B79-2F7B1836FC01}.Release|Any CPU.Build.0 = Release|Any CPU
	EndGlobalSection
	GlobalSection(SolutionProperties) = preSolution
		HideSolutionNode = FALSE
	EndGlobalSection
	GlobalSection(NestedProjects) = preSolution
		{305E49D5-EABA-4A88-8B79-2F7B1836FC01} = {A130D3F4-6E65-4F6C-A0EE-2412DA1D2C7E}
	EndGlobalSection
	GlobalSection(ExtensibilityGlobals) = postSolution
		SolutionGuid = {EF1E1C70-5C03-4DF5-9DBD-7F7DCF2418E4}
	EndGlobalSection
EndGlobal
